
Microsoft Visual Studio Solution File, Format Version 12.00
# Visual Studio Version 17
VisualStudioVersion = 17.1.32210.238
MinimumVisualStudioVersion = 10.0.40219.1
Project("{FAE04EC0-301F-11D3-BF4B-00C04F79EFBC}") = "ReverseNumber", "ReverseNumber.csproj", "{9A767D90-088A-4247-AA85-7F2AA489A088}"
EndProject
Global
	GlobalSection(SolutionConfigurationPlatforms) = preSolution
		Debug|Any CPU = Debug|Any CPU
		Release|Any CPU = Release|Any CPU
	EndGlobalSection
	GlobalSection(ProjectConfigurationPlatforms) = postSolution
		{9A767D90-088A-4247-AA85-7F2AA489A088}.Debug|Any CPU.ActiveCfg = Debug|Any CPU
		{9A767D90-088A-4247-AA85-7F2AA489A088}.Debug|Any CPU.Build.0 = Debug|Any CPU
		{9A767D90-088A-4247-AA85-7F2AA489A088}.Release|Any CPU.ActiveCfg = Release|Any CPU
		{9A767D90-088A-4247-AA85-7F2AA489A088}.Release|Any CPU.Build.0 = Release|Any CPU
	EndGlobalSection
	GlobalSection(SolutionProperties) = preSolution
		HideSolutionNode = FALSE
	EndGlobalSection
	GlobalSection(ExtensibilityGlobals) = postSolution
		SolutionGuid = {2F02E265-2C34-471F-A664-FC62CE97FC75}
	EndGlobalSection
EndGlobal
